
Microsoft Visual Studio Solution File, Format Version 12.00
# Visual Studio Version 16
VisualStudioVersion = 16.0.29709.97
MinimumVisualStudioVersion = 10.0.40219.1
Project("{9A19103F-16F7-4668-BE54-9A1E7A4F7556}") = "AggregatorMicroservice", "AggregatorMicroservice.csproj", "{BE8944E7-556C-4887-892E-665A26DABA80}"
EndProject
Project("{E53339B2-1760-4266-BCC7-CA923CBCF16C}") = "docker-compose", "docker-compose.dcproj", "{ACFD7B0A-4D0E-4A74-8756-2178F4A5BC58}"
EndProject
Global
	GlobalSection(SolutionConfigurationPlatforms) = preSolution
		Debug|Any CPU = Debug|Any CPU
		Release|Any CPU = Release|Any CPU
	EndGlobalSection
	GlobalSection(ProjectConfigurationPlatforms) = postSolution
		{BE8944E7-556C-4887-892E-665A26DABA80}.Debug|Any CPU.ActiveCfg = Debug|Any CPU
		{BE8944E7-556C-4887-892E-665A26DABA80}.Debug|Any CPU.Build.0 = Debug|Any CPU
		{BE8944E7-556C-4887-892E-665A26DABA80}.Release|Any CPU.ActiveCfg = Release|Any CPU
		{BE8944E7-556C-4887-892E-665A26DABA80}.Release|Any CPU.Build.0 = Release|Any CPU
		{ACFD7B0A-4D0E-4A74-8756-2178F4A5BC58}.Debug|Any CPU.ActiveCfg = Debug|Any CPU
		{ACFD7B0A-4D0E-4A74-8756-2178F4A5BC58}.Debug|Any CPU.Build.0 = Debug|Any CPU
		{ACFD7B0A-4D0E-4A74-8756-2178F4A5BC58}.Release|Any CPU.ActiveCfg = Release|Any CPU
		{ACFD7B0A-4D0E-4A74-8756-2178F4A5BC58}.Release|Any CPU.Build.0 = Release|Any CPU
	EndGlobalSection
	GlobalSection(SolutionProperties) = preSolution
		HideSolutionNode = FALSE
	EndGlobalSection
	GlobalSection(ExtensibilityGlobals) = postSolution
		SolutionGuid = {511F7437-19BE-404A-BBED-CBF53A3D8B56}
	EndGlobalSection
EndGlobal
